
Microsoft Visual Studio Solution File, Format Version 12.00
# Visual Studio Version 16
VisualStudioVersion = 16.0.29926.136
MinimumVisualStudioVersion = 10.0.40219.1
Project("{FAE04EC0-301F-11D3-BF4B-00C04F79EFBC}") = "FedorovAD_Pz9", "FedorovAD_Pz9.csproj", "{3DA04050-526C-4735-B54D-B222F4CD2F7C}"
EndProject
Global
	GlobalSection(SolutionConfigurationPlatforms) = preSolution
		Debug|Any CPU = Debug|Any CPU
		Release|Any CPU = Release|Any CPU
	EndGlobalSection
	GlobalSection(ProjectConfigurationPlatforms) = postSolution
		{3DA04050-526C-4735-B54D-B222F4CD2F7C}.Debug|Any CPU.ActiveCfg = Debug|Any CPU
		{3DA04050-526C-4735-B54D-B222F4CD2F7C}.Debug|Any CPU.Build.0 = Debug|Any CPU
		{3DA04050-526C-4735-B54D-B222F4CD2F7C}.Release|Any CPU.ActiveCfg = Release|Any CPU
		{3DA04050-526C-4735-B54D-B222F4CD2F7C}.Release|Any CPU.Build.0 = Release|Any CPU
	EndGlobalSection
	GlobalSection(SolutionProperties) = preSolution
		HideSolutionNode = FALSE
	EndGlobalSection
	GlobalSection(ExtensibilityGlobals) = postSolution
		SolutionGuid = {AA1221D5-AE81-4296-A026-847A0D7FF33F}
	EndGlobalSection
EndGlobal
